
Microsoft Visual Studio Solution File, Format Version 12.00
# Visual Studio Version 17
VisualStudioVersion = 17.0.31903.59
MinimumVisualStudioVersion = 10.0.40219.1
Project("{FAE04EC0-301F-11D3-BF4B-00C04F79EFBC}") = "WorkShopERP", "WorkShopERP\WorkShopERP.csproj", "{3626A2DC-3A91-4F97-82E7-9B11736334D7}"
EndProject
Project("{FAE04EC0-301F-11D3-BF4B-00C04F79EFBC}") = "WorkShopERP.Tests", "WorkShopERP.Tests\WorkShopERP.Tests.csproj", "{ACDF389E-DDCC-4084-A596-2007B7BE6A6C}"
EndProject
Global
	GlobalSection(SolutionConfigurationPlatforms) = preSolution
		Debug|Any CPU = Debug|Any CPU
		Release|Any CPU = Release|Any CPU
	EndGlobalSection
	GlobalSection(SolutionProperties) = preSolution
		HideSolutionNode = FALSE
	EndGlobalSection
	GlobalSection(ProjectConfigurationPlatforms) = postSolution
		{3626A2DC-3A91-4F97-82E7-9B11736334D7}.Debug|Any CPU.ActiveCfg = Debug|Any CPU
		{3626A2DC-3A91-4F97-82E7-9B11736334D7}.Debug|Any CPU.Build.0 = Debug|Any CPU
		{3626A2DC-3A91-4F97-82E7-9B11736334D7}.Release|Any CPU.ActiveCfg = Release|Any CPU
		{3626A2DC-3A91-4F97-82E7-9B11736334D7}.Release|Any CPU.Build.0 = Release|Any CPU
		{ACDF389E-DDCC-4084-A596-2007B7BE6A6C}.Debug|Any CPU.ActiveCfg = Debug|Any CPU
		{ACDF389E-DDCC-4084-A596-2007B7BE6A6C}.Debug|Any CPU.Build.0 = Debug|Any CPU
		{ACDF389E-DDCC-4084-A596-2007B7BE6A6C}.Release|Any CPU.ActiveCfg = Release|Any CPU
		{ACDF389E-DDCC-4084-A596-2007B7BE6A6C}.Release|Any CPU.Build.0 = Release|Any CPU
	EndGlobalSection
EndGlobal
